
Microsoft Visual Studio Solution File, Format Version 12.00
# Visual Studio Version 17
VisualStudioVersion = 17.8.34330.188
MinimumVisualStudioVersion = 10.0.40219.1
Project("{2150E333-8FDC-42A3-9474-1A3956D46DE8}") = "Solution Items", "Solution Items", "{3B04B656-A775-4D52-8C7E-987D7468F65A}"
	ProjectSection(SolutionItems) = preProject
		.gitignore = .gitignore
		LoggingClientNuget.yml = LoggingClientNuget.yml
		LoggingClientNugetDev.yml = LoggingClientNugetDev.yml
		readme.md = readme.md
		ServerDev.yml = ServerDev.yml
		ServerProd.yml = ServerProd.yml
		ServerStaging.yml = ServerStaging.yml
	EndProjectSection
EndProject
Project("{9A19103F-16F7-4668-BE54-9A1E7A4F7556}") = "DotnetClient", "DotnetClient\DotnetClient.csproj", "{26701C69-B3D2-42AB-87A5-FCD89D2F28A8}"
EndProject
Project("{9A19103F-16F7-4668-BE54-9A1E7A4F7556}") = "DotnetClientTest", "DotnetClientTest\DotnetClientTest.csproj", "{82CB61CC-1C9A-48B0-AA08-41359F170CAA}"
EndProject
Project("{FAE04EC0-301F-11D3-BF4B-00C04F79EFBC}") = "Console", "..\Console\Console\Console.csproj", "{9E9C2D41-57DE-4536-DE33-C85F1E54D628}"
EndProject
Global
	GlobalSection(SolutionConfigurationPlatforms) = preSolution
		Debug|Any CPU = Debug|Any CPU
		Release|Any CPU = Release|Any CPU
	EndGlobalSection
	GlobalSection(ProjectConfigurationPlatforms) = postSolution
		{26701C69-B3D2-42AB-87A5-FCD89D2F28A8}.Debug|Any CPU.ActiveCfg = Debug|Any CPU
		{26701C69-B3D2-42AB-87A5-FCD89D2F28A8}.Debug|Any CPU.Build.0 = Debug|Any CPU
		{26701C69-B3D2-42AB-87A5-FCD89D2F28A8}.Release|Any CPU.ActiveCfg = Release|Any CPU
		{26701C69-B3D2-42AB-87A5-FCD89D2F28A8}.Release|Any CPU.Build.0 = Release|Any CPU
		{82CB61CC-1C9A-48B0-AA08-41359F170CAA}.Debug|Any CPU.ActiveCfg = Debug|Any CPU
		{82CB61CC-1C9A-48B0-AA08-41359F170CAA}.Debug|Any CPU.Build.0 = Debug|Any CPU
		{82CB61CC-1C9A-48B0-AA08-41359F170CAA}.Release|Any CPU.ActiveCfg = Release|Any CPU
		{82CB61CC-1C9A-48B0-AA08-41359F170CAA}.Release|Any CPU.Build.0 = Release|Any CPU
		{9E9C2D41-57DE-4536-DE33-C85F1E54D628}.Debug|Any CPU.ActiveCfg = Debug|Any CPU
		{9E9C2D41-57DE-4536-DE33-C85F1E54D628}.Debug|Any CPU.Build.0 = Debug|Any CPU
		{9E9C2D41-57DE-4536-DE33-C85F1E54D628}.Release|Any CPU.ActiveCfg = Release|Any CPU
		{9E9C2D41-57DE-4536-DE33-C85F1E54D628}.Release|Any CPU.Build.0 = Release|Any CPU
	EndGlobalSection
	GlobalSection(SolutionProperties) = preSolution
		HideSolutionNode = FALSE
	EndGlobalSection
	GlobalSection(ExtensibilityGlobals) = postSolution
		SolutionGuid = {2BECB845-231F-40BC-AF8F-F2C923BCDEEE}
	EndGlobalSection
EndGlobal
