
Microsoft Visual Studio Solution File, Format Version 12.00
# Visual Studio Version 17
VisualStudioVersion = 17.5.002.0
MinimumVisualStudioVersion = 10.0.40219.1
Project("{9A19103F-16F7-4668-BE54-9A1E7A4F7556}") = "Service", "Service.csproj", "{C6761457-62EF-4C9D-B51D-C09F30C949C5}"
EndProject
Project("{2150E333-8FDC-42A3-9474-1A3956D46DE8}") = "obj", "obj", "{BBBA285A-D9DD-46D5-82CA-FFDA1079A2BD}"
EndProject
Project("{2150E333-8FDC-42A3-9474-1A3956D46DE8}") = "Debug", "Debug", "{E162E9A1-ED45-4FA1-9C31-93E50866D3AD}"
EndProject
Project("{2150E333-8FDC-42A3-9474-1A3956D46DE8}") = "net8.0", "net8.0", "{13C4398D-1F92-40BC-99A7-02A33A86384B}"
EndProject
Project("{9A19103F-16F7-4668-BE54-9A1E7A4F7556}") = "WorkerExtensions", "obj\Debug\net8.0\WorkerExtensions\WorkerExtensions.csproj", "{1D927781-6E6B-41B2-8EAD-28AC0CF08163}"
EndProject
Project("{2150E333-8FDC-42A3-9474-1A3956D46DE8}") = "Release", "Release", "{B69353FE-E5CC-4113-8E68-2558713018CD}"
EndProject
Project("{2150E333-8FDC-42A3-9474-1A3956D46DE8}") = "net8.0", "net8.0", "{1D3DBCC0-4183-47D8-BE70-E0922A41CB77}"
EndProject
Project("{9A19103F-16F7-4668-BE54-9A1E7A4F7556}") = "WorkerExtensions", "obj\Release\net8.0\WorkerExtensions\WorkerExtensions.csproj", "{1DCE9C4E-587F-4409-AF83-AD58A8FF5843}"
EndProject
Global
	GlobalSection(SolutionConfigurationPlatforms) = preSolution
		Debug|Any CPU = Debug|Any CPU
		Release|Any CPU = Release|Any CPU
	EndGlobalSection
	GlobalSection(ProjectConfigurationPlatforms) = postSolution
		{C6761457-62EF-4C9D-B51D-C09F30C949C5}.Debug|Any CPU.ActiveCfg = Debug|Any CPU
		{C6761457-62EF-4C9D-B51D-C09F30C949C5}.Debug|Any CPU.Build.0 = Debug|Any CPU
		{C6761457-62EF-4C9D-B51D-C09F30C949C5}.Release|Any CPU.ActiveCfg = Release|Any CPU
		{C6761457-62EF-4C9D-B51D-C09F30C949C5}.Release|Any CPU.Build.0 = Release|Any CPU
		{1D927781-6E6B-41B2-8EAD-28AC0CF08163}.Debug|Any CPU.ActiveCfg = Debug|Any CPU
		{1D927781-6E6B-41B2-8EAD-28AC0CF08163}.Debug|Any CPU.Build.0 = Debug|Any CPU
		{1D927781-6E6B-41B2-8EAD-28AC0CF08163}.Release|Any CPU.ActiveCfg = Release|Any CPU
		{1D927781-6E6B-41B2-8EAD-28AC0CF08163}.Release|Any CPU.Build.0 = Release|Any CPU
		{1DCE9C4E-587F-4409-AF83-AD58A8FF5843}.Debug|Any CPU.ActiveCfg = Debug|Any CPU
		{1DCE9C4E-587F-4409-AF83-AD58A8FF5843}.Debug|Any CPU.Build.0 = Debug|Any CPU
		{1DCE9C4E-587F-4409-AF83-AD58A8FF5843}.Release|Any CPU.ActiveCfg = Release|Any CPU
		{1DCE9C4E-587F-4409-AF83-AD58A8FF5843}.Release|Any CPU.Build.0 = Release|Any CPU
	EndGlobalSection
	GlobalSection(SolutionProperties) = preSolution
		HideSolutionNode = FALSE
	EndGlobalSection
	GlobalSection(NestedProjects) = preSolution
		{E162E9A1-ED45-4FA1-9C31-93E50866D3AD} = {BBBA285A-D9DD-46D5-82CA-FFDA1079A2BD}
		{13C4398D-1F92-40BC-99A7-02A33A86384B} = {E162E9A1-ED45-4FA1-9C31-93E50866D3AD}
		{1D927781-6E6B-41B2-8EAD-28AC0CF08163} = {13C4398D-1F92-40BC-99A7-02A33A86384B}
		{B69353FE-E5CC-4113-8E68-2558713018CD} = {BBBA285A-D9DD-46D5-82CA-FFDA1079A2BD}
		{1D3DBCC0-4183-47D8-BE70-E0922A41CB77} = {B69353FE-E5CC-4113-8E68-2558713018CD}
		{1DCE9C4E-587F-4409-AF83-AD58A8FF5843} = {1D3DBCC0-4183-47D8-BE70-E0922A41CB77}
	EndGlobalSection
	GlobalSection(ExtensibilityGlobals) = postSolution
		SolutionGuid = {4A392577-FC09-4C58-8EBB-6106CEBA2BAB}
	EndGlobalSection
EndGlobal
